
Microsoft Visual Studio Solution File, Format Version 12.00
# Visual Studio 15
VisualStudioVersion = 15.0.27703.2026
MinimumVisualStudioVersion = 10.0.40219.1
Project("{FAE04EC0-301F-11D3-BF4B-00C04F79EFBC}") = "SampleDotNetFrameworkApp", "SampleDotNetFrameworkApp\SampleDotNetFrameworkApp.csproj", "{B76296A6-ED8F-4AF5-849E-4AAAC955BB06}"
EndProject
Project("{FAE04EC0-301F-11D3-BF4B-00C04F79EFBC}") = "SampleDotNetFrameworkApp.Tests", "SampleDotNetFrameworkApp.Tests\SampleDotNetFrameworkApp.Tests.csproj", "{9BC3ACC8-B09A-42B1-8B88-1AC3DC32CAE1}"
EndProject
Global
	GlobalSection(SolutionConfigurationPlatforms) = preSolution
		Debug|Any CPU = Debug|Any CPU
		Release|Any CPU = Release|Any CPU
	EndGlobalSection
	GlobalSection(ProjectConfigurationPlatforms) = postSolution
		{B76296A6-ED8F-4AF5-849E-4AAAC955BB06}.Debug|Any CPU.ActiveCfg = Debug|Any CPU
		{B76296A6-ED8F-4AF5-849E-4AAAC955BB06}.Debug|Any CPU.Build.0 = Debug|Any CPU
		{B76296A6-ED8F-4AF5-849E-4AAAC955BB06}.Release|Any CPU.ActiveCfg = Release|Any CPU
		{B76296A6-ED8F-4AF5-849E-4AAAC955BB06}.Release|Any CPU.Build.0 = Release|Any CPU
		{9BC3ACC8-B09A-42B1-8B88-1AC3DC32CAE1}.Debug|Any CPU.ActiveCfg = Debug|Any CPU
		{9BC3ACC8-B09A-42B1-8B88-1AC3DC32CAE1}.Debug|Any CPU.Build.0 = Debug|Any CPU
		{9BC3ACC8-B09A-42B1-8B88-1AC3DC32CAE1}.Release|Any CPU.ActiveCfg = Release|Any CPU
		{9BC3ACC8-B09A-42B1-8B88-1AC3DC32CAE1}.Release|Any CPU.Build.0 = Release|Any CPU
	EndGlobalSection
	GlobalSection(SolutionProperties) = preSolution
		HideSolutionNode = FALSE
	EndGlobalSection
	GlobalSection(ExtensibilityGlobals) = postSolution
		SolutionGuid = {213090C3-59CF-4F8E-ABFF-C509C7C7AD37}
	EndGlobalSection
EndGlobal
